{
    "_meta": {
        "hash": {
            "sha256": "b21de4bf238a8eeb087fb083714310364c0bc608aff69ccc51ad834d06ecb289"
        },
        "pipfile-spec": 6,
        "requires": {
            "python_version": "3.8"
        },
        "sources": [
            {
                "name": "pypi",
                "url": "https://pypi.org/simple",
                "verify_ssl": true
            }
        ]
    },
    "default": {
        "redis": {
            "hashes": [
                "sha256:7adc2835c7a9b5033b7ad8f8918d09b7344188228809c98df07af226d39dec91",
                "sha256:ec31f2ed9675cc54c21ba854cfe0462e6faf1d83c8ce5944709db8a4700b9c61"
            ],
            "index": "pypi",
            "version": "==5.0.4"
        }
    },
    "develop": {}
}
